{
  "lockfile_version": "1",
  "packages": {
    "actionlint@latest": {
      "last_modified": "2024-04-19T17:36:04-04:00",
      "resolved": "github:NixOS/nixpkgs/92d295f588631b0db2da509f381b4fb1e74173c5#actionlint",
      "source": "devbox-search",
      "version": "1.6.27",
      "systems": {
        "aarch64-darwin": {
          "store_path": "/nix/store/qygspplxrcnd3jbwlg0k0zzf19478k1y-actionlint-1.6.27"
        },
        "aarch64-linux": {
          "store_path": "/nix/store/ivly2rxzf4hpzz9qw40yhv9m32kimlsx-actionlint-1.6.27"
        },
        "x86_64-darwin": {
          "store_path": "/nix/store/zydlj1yk2aydq76nck3swhnydvm7pkin-actionlint-1.6.27"
        },
        "x86_64-linux": {
          "store_path": "/nix/store/imnkd6dsgzlvbfcd9qiv6yqdrnch80fa-actionlint-1.6.27"
        }
      }
    },
    "chart-testing@latest": {
      "last_modified": "2024-04-26T22:17:36-04:00",
      "resolved": "github:NixOS/nixpkgs/698fd43e541a6b8685ed408aaf7a63561018f9f8#chart-testing",
      "source": "devbox-search",
      "version": "3.10.1",
      "systems": {
        "aarch64-darwin": {
          "store_path": "/nix/store/4355325mw74sjl1rinpg23i6d3kcgcvc-chart-testing-3.10.1"
        },
        "aarch64-linux": {
          "store_path": "/nix/store/wwpgl6vw146afzszriy5i0bysslq4ia4-chart-testing-3.10.1"
        },
        "x86_64-darwin": {
          "store_path": "/nix/store/gbdn7vj86lbv2k1c0nmrpy08zz229z1f-chart-testing-3.10.1"
        },
        "x86_64-linux": {
          "store_path": "/nix/store/jx3smjl9173mxsz8l4layfmrjq65s05y-chart-testing-3.10.1"
        }
      }
    },
    "coreutils@latest": {
      "last_modified": "2024-04-19T17:36:04-04:00",
      "resolved": "github:NixOS/nixpkgs/92d295f588631b0db2da509f381b4fb1e74173c5#coreutils",
      "source": "devbox-search",
      "version": "9.5",
      "systems": {
        "aarch64-darwin": {
          "store_path": "/nix/store/ssqkq33b9jb441g7baplb87z8vnyp34i-coreutils-9.5"
        },
        "aarch64-linux": {
          "store_path": "/nix/store/wxkj5fzayx8shn2cl9p6q7l7pynp23zj-coreutils-9.5"
        },
        "x86_64-darwin": {
          "store_path": "/nix/store/4xiysj68rc0nq0s448csm68a5whyhvfr-coreutils-9.5"
        },
        "x86_64-linux": {
          "store_path": "/nix/store/asqa3kfq3maclk7cqqhrjvp7vriw6ahy-coreutils-9.5"
        }
      }
    },
    "envsubst@latest": {
      "last_modified": "2024-04-19T17:36:04-04:00",
      "resolved": "github:NixOS/nixpkgs/92d295f588631b0db2da509f381b4fb1e74173c5#envsubst",
      "source": "devbox-search",
      "version": "1.4.2",
      "systems": {
        "aarch64-darwin": {
          "store_path": "/nix/store/k1yh3iayj0bhspnq7c8q686lac9zkhxl-envsubst-1.4.2"
        },
        "aarch64-linux": {
          "store_path": "/nix/store/jm277id1383qrbpsl9a617amcizv636w-envsubst-1.4.2"
        },
        "x86_64-darwin": {
          "store_path": "/nix/store/dlpcwgqp7rckaickj4rgp3adz3hlnbas-envsubst-1.4.2"
        },
        "x86_64-linux": {
          "store_path": "/nix/store/zarprjjn1ms8cdkxymrnpciakh3mpdaq-envsubst-1.4.2"
        }
      }
    },
    "findutils@latest": {
      "last_modified": "2024-04-26T22:17:36-04:00",
      "resolved": "github:NixOS/nixpkgs/698fd43e541a6b8685ed408aaf7a63561018f9f8#findutils",
      "source": "devbox-search",
      "version": "4.9.0",
      "systems": {
        "aarch64-darwin": {
          "store_path": "/nix/store/f2zkblkcbxvgczjdxa53xn8d0652d4x0-findutils-4.9.0"
        },
        "aarch64-linux": {
          "store_path": "/nix/store/48s8dsa5pkk907f95adzgx0f6h2j5kx6-findutils-4.9.0"
        },
        "x86_64-darwin": {
          "store_path": "/nix/store/03mm3xdylmym33apqya6p4hrl15na03h-findutils-4.9.0"
        },
        "x86_64-linux": {
          "store_path": "/nix/store/vf8cjkgwmgd4sb3vkxh6x9iar71s1w1c-findutils-4.9.0"
        }
      }
    },
    "gh@latest": {
      "last_modified": "2024-04-19T17:36:04-04:00",
      "resolved": "github:NixOS/nixpkgs/92d295f588631b0db2da509f381b4fb1e74173c5#gh",
      "source": "devbox-search",
      "version": "2.48.0",
      "systems": {
        "aarch64-darwin": {
          "store_path": "/nix/store/al0w11wik8xvjv311f9hdcni6lcbd22g-gh-2.48.0"
        },
        "aarch64-linux": {
          "store_path": "/nix/store/fa3pwqlw4izfip7kg4c1iv7gdhwjgsf7-gh-2.48.0"
        },
        "x86_64-darwin": {
          "store_path": "/nix/store/m9jcg3yp042alkymg4qy3k4skyfzxpgs-gh-2.48.0"
        },
        "x86_64-linux": {
          "store_path": "/nix/store/yk2hqa1jnc9r26q93cs8m6gi4872s1ga-gh-2.48.0"
        }
      }
    },
    "ginkgo@latest": {
      "last_modified": "2024-04-19T17:36:04-04:00",
      "resolved": "github:NixOS/nixpkgs/92d295f588631b0db2da509f381b4fb1e74173c5#ginkgo",
      "source": "devbox-search",
      "version": "2.17.1",
      "systems": {
        "aarch64-darwin": {
          "store_path": "/nix/store/94622rky2ffpbz6vpyqdmi86knm3czkw-ginkgo-2.17.1"
        },
        "aarch64-linux": {
          "store_path": "/nix/store/d06nha7nl3f8iw5vf06vsfircmvlj852-ginkgo-2.17.1"
        },
        "x86_64-darwin": {
          "store_path": "/nix/store/ihm49vvp0z4aifblx362ramg8spinkz5-ginkgo-2.17.1"
        },
        "x86_64-linux": {
          "store_path": "/nix/store/rsq6y6wxhdvh6xr5sk39pp9agxd9vvf5-ginkgo-2.17.1"
        }
      }
    },
    "git@latest": {
      "last_modified": "2024-04-19T17:36:04-04:00",
      "resolved": "github:NixOS/nixpkgs/92d295f588631b0db2da509f381b4fb1e74173c5#git",
      "source": "devbox-search",
      "version": "2.44.0",
      "systems": {
        "aarch64-darwin": {
          "store_path": "/nix/store/m0xxxwbvmfkpr2xl8xglp6pdcy2b32yr-git-2.44.0"
        },
        "aarch64-linux": {
          "store_path": "/nix/store/53m8frqp4ibslq73c9rw25aim802cz6d-git-2.44.0"
        },
        "x86_64-darwin": {
          "store_path": "/nix/store/31aiia9d9zfmk53wsc2pkixipmhpb2s6-git-2.44.0"
        },
        "x86_64-linux": {
          "store_path": "/nix/store/apl2ibxqrxbbj6z79nfgv892999z1zyv-git-2.44.0"
        }
      }
    },
    "gnumake@latest": {
      "last_modified": "2024-04-19T17:36:04-04:00",
      "resolved": "github:NixOS/nixpkgs/92d295f588631b0db2da509f381b4fb1e74173c5#gnumake",
      "source": "devbox-search",
      "version": "4.4.1",
      "systems": {
        "aarch64-darwin": {
          "store_path": "/nix/store/1cjkrg6qi2hqvl2j9arrhda5ik3dw707-gnumake-4.4.1"
        },
        "aarch64-linux": {
          "store_path": "/nix/store/779cbnya6zazh6yv8v3axky7wqd1d6xi-gnumake-4.4.1"
        },
        "x86_64-darwin": {
          "store_path": "/nix/store/f990ckg8csfq517rczrn9nnpzcfwzd3d-gnumake-4.4.1"
        },
        "x86_64-linux": {
          "store_path": "/nix/store/igc1cay5d5nqlj96vrq2icdxkdby1pay-gnumake-4.4.1"
        }
      }
    },
    "gnused@latest": {
      "last_modified": "2024-04-19T17:36:04-04:00",
      "resolved": "github:NixOS/nixpkgs/92d295f588631b0db2da509f381b4fb1e74173c5#gnused",
      "source": "devbox-search",
      "version": "4.9",
      "systems": {
        "aarch64-darwin": {
          "store_path": "/nix/store/7bv9z3svwrqc9jlxbk5mamnahfvpm2vp-gnused-4.9"
        },
        "aarch64-linux": {
          "store_path": "/nix/store/lql8aw5cli8jym5iwhcw81003vhv3swq-gnused-4.9"
        },
        "x86_64-darwin": {
          "store_path": "/nix/store/1qwza8ysi153w6v88sfnn6f4y4j8zcag-gnused-4.9"
        },
        "x86_64-linux": {
          "store_path": "/nix/store/ard747zf4fkkkqa0pwj3fxp9fhnyfm7p-gnused-4.9"
        }
      }
    },
    "go@latest": {
      "last_modified": "2024-04-19T17:36:04-04:00",
      "resolved": "github:NixOS/nixpkgs/92d295f588631b0db2da509f381b4fb1e74173c5#go",
      "source": "devbox-search",
      "version": "1.22.2",
      "systems": {
        "aarch64-darwin": {
          "store_path": "/nix/store/x7gzwywk7mvjamdyc4n45fh62jks7lma-go-1.22.2"
        },
        "aarch64-linux": {
          "store_path": "/nix/store/ka1iykac1bfvy98p9g2ii3xn2fnl98cn-go-1.22.2"
        },
        "x86_64-darwin": {
          "store_path": "/nix/store/s26vypls3i2rvprj2jq7l1ypb5y12mq9-go-1.22.2"
        },
        "x86_64-linux": {
          "store_path": "/nix/store/9kriq85qac7phcxgpdqbqr25vlr61ifw-go-1.22.2"
        }
      }
    },
    "gojq@latest": {
      "last_modified": "2024-04-19T17:36:04-04:00",
      "resolved": "github:NixOS/nixpkgs/92d295f588631b0db2da509f381b4fb1e74173c5#gojq",
      "source": "devbox-search",
      "version": "0.12.15",
      "systems": {
        "aarch64-darwin": {
          "store_path": "/nix/store/zrydwzci0h352b2yiyyyqcdlql8h9c25-gojq-0.12.15"
        },
        "aarch64-linux": {
          "store_path": "/nix/store/v0xp7kzaaiqkmrqcpjgpap8llaa0pzh5-gojq-0.12.15"
        },
        "x86_64-darwin": {
          "store_path": "/nix/store/lahf7ask3i06ycs0mb125rkx176krq0q-gojq-0.12.15"
        },
        "x86_64-linux": {
          "store_path": "/nix/store/a6b7q5hdjzmfgq2ggx7lixc13gy979h7-gojq-0.12.15"
        }
      }
    },
    "golines@latest": {
      "last_modified": "2024-04-19T17:36:04-04:00",
      "resolved": "github:NixOS/nixpkgs/92d295f588631b0db2da509f381b4fb1e74173c5#golines",
      "source": "devbox-search",
      "version": "0.12.2",
      "systems": {
        "aarch64-darwin": {
          "store_path": "/nix/store/cgx4l2m6v0x827m2fyjrlqrv83dmahzq-golines-0.12.2"
        },
        "aarch64-linux": {
          "store_path": "/nix/store/aafbk8ismkdyvvcj1zgf55d8k2bb76g7-golines-0.12.2"
        },
        "x86_64-darwin": {
          "store_path": "/nix/store/5mfbkv3hhal0awyjqcbpmdhm8f9d4mvr-golines-0.12.2"
        },
        "x86_64-linux": {
          "store_path": "/nix/store/azw2ayvqq2vb98bk65wi9lh6adraric3-golines-0.12.2"
        }
      }
    },
    "goreleaser@latest": {
      "last_modified": "2024-04-19T17:36:04-04:00",
      "resolved": "github:NixOS/nixpkgs/92d295f588631b0db2da509f381b4fb1e74173c5#goreleaser",
      "source": "devbox-search",
      "version": "1.25.1",
      "systems": {
        "aarch64-darwin": {
          "store_path": "/nix/store/ilnb078zcij6ph351ll5fx29b2z2426i-goreleaser-1.25.1"
        },
        "aarch64-linux": {
          "store_path": "/nix/store/007575nisbps89sgw675kw1f2w3q4jpx-goreleaser-1.25.1"
        },
        "x86_64-darwin": {
          "store_path": "/nix/store/c2yy1f6a35vibr366hkszcfh3d9igsx2-goreleaser-1.25.1"
        },
        "x86_64-linux": {
          "store_path": "/nix/store/fqjwqmd5wnxffzcs5r1qbh5a25nifjin-goreleaser-1.25.1"
        }
      }
    },
    "gotestsum@latest": {
      "last_modified": "2024-04-19T17:36:04-04:00",
      "resolved": "github:NixOS/nixpkgs/92d295f588631b0db2da509f381b4fb1e74173c5#gotestsum",
      "source": "devbox-search",
      "version": "1.10.1",
      "systems": {
        "aarch64-darwin": {
          "store_path": "/nix/store/ig0lkm37qv1dwwcjwr86110wgkr6ifdj-gotestsum-1.10.1"
        },
        "aarch64-linux": {
          "store_path": "/nix/store/zx1qgqrjh64mzghizb5aqrpn5w6m9cwy-gotestsum-1.10.1"
        },
        "x86_64-darwin": {
          "store_path": "/nix/store/n5gzxnld94v1z2fdqpadav2ncs21fx0a-gotestsum-1.10.1"
        },
        "x86_64-linux": {
          "store_path": "/nix/store/nq7a90jrbzykxwsgd57sgyqnhj141xix-gotestsum-1.10.1"
        }
      }
    },
    "govulncheck@latest": {
      "last_modified": "2024-04-19T17:36:04-04:00",
      "resolved": "github:NixOS/nixpkgs/92d295f588631b0db2da509f381b4fb1e74173c5#govulncheck",
      "source": "devbox-search",
      "version": "1.1.0",
      "systems": {
        "aarch64-darwin": {
          "store_path": "/nix/store/3drkd0smbpn45r10nsw9pyql4ri627cj-govulncheck-1.1.0"
        },
        "aarch64-linux": {
          "store_path": "/nix/store/nhcv6r6m29x502f1sh16v4ybdn2nz940-govulncheck-1.1.0"
        },
        "x86_64-darwin": {
          "store_path": "/nix/store/lp9ak63fvb63vjl05fadbaylb1p7k53j-govulncheck-1.1.0"
        },
        "x86_64-linux": {
          "store_path": "/nix/store/il628qrar7dkz9cb3c6d7l5sagc56rkz-govulncheck-1.1.0"
        }
      }
    },
    "helm-docs@latest": {
      "last_modified": "2024-04-19T17:36:04-04:00",
      "resolved": "github:NixOS/nixpkgs/92d295f588631b0db2da509f381b4fb1e74173c5#helm-docs",
      "source": "devbox-search",
      "version": "1.13.1",
      "systems": {
        "aarch64-darwin": {
          "store_path": "/nix/store/c2dc5mn43gyvafhaxvw99y1b4r59f1y3-helm-docs-1.13.1"
        },
        "aarch64-linux": {
          "store_path": "/nix/store/sd4zri0m7rim2vm87frh0dl6s1v23vnc-helm-docs-1.13.1"
        },
        "x86_64-darwin": {
          "store_path": "/nix/store/cggw7gl27ch6jbah908f8gfxzbn40g66-helm-docs-1.13.1"
        },
        "x86_64-linux": {
          "store_path": "/nix/store/82vr534g0h22gjzzllwx35dqx9df5fk0-helm-docs-1.13.1"
        }
      }
    },
    "hugo@latest": {
      "last_modified": "2024-04-26T22:17:36-04:00",
      "resolved": "github:NixOS/nixpkgs/698fd43e541a6b8685ed408aaf7a63561018f9f8#hugo",
      "source": "devbox-search",
      "version": "0.125.4",
      "systems": {
        "aarch64-darwin": {
          "store_path": "/nix/store/2ssds5l4s15xfgljv2ygjhqpn949lxj4-hugo-0.125.4"
        },
        "aarch64-linux": {
          "store_path": "/nix/store/nln80v8vsw5h3hv7kihglb12fy077flb-hugo-0.125.4"
        },
        "x86_64-darwin": {
          "store_path": "/nix/store/n6az4gns36nrq9sbiqf2kf7kgn1kjyfm-hugo-0.125.4"
        },
        "x86_64-linux": {
          "store_path": "/nix/store/k53ijl83p62i6lqia2jjky8l136x42i7-hugo-0.125.4"
        }
      }
    },
    "kind@latest": {
      "last_modified": "2024-04-19T17:36:04-04:00",
      "resolved": "github:NixOS/nixpkgs/92d295f588631b0db2da509f381b4fb1e74173c5#kind",
      "source": "devbox-search",
      "version": "0.22.0",
      "systems": {
        "aarch64-darwin": {
          "store_path": "/nix/store/7b44andnvna5df49kxck6i4va51y2izm-kind-0.22.0"
        },
        "aarch64-linux": {
          "store_path": "/nix/store/qjq6mvqrhyr4hwmx5bdnfhjjlvqqcznb-kind-0.22.0"
        },
        "x86_64-darwin": {
          "store_path": "/nix/store/dslzli66l7dhyqjwfs4r2j9bxdx0m23w-kind-0.22.0"
        },
        "x86_64-linux": {
          "store_path": "/nix/store/nd4i4035fm5055m7y6j8pg5s24139ppf-kind-0.22.0"
        }
      }
    },
    "ko@latest": {
      "last_modified": "2024-04-19T17:36:04-04:00",
      "resolved": "github:NixOS/nixpkgs/92d295f588631b0db2da509f381b4fb1e74173c5#ko",
      "source": "devbox-search",
      "version": "0.15.2",
      "systems": {
        "aarch64-darwin": {
          "store_path": "/nix/store/fiv4qvv9qh9gyq1jklwv1s8dhbvqznbq-ko-0.15.2"
        },
        "aarch64-linux": {
          "store_path": "/nix/store/vk8yhsp9ar2c4vswvgr6kw79sr4prf5y-ko-0.15.2"
        },
        "x86_64-darwin": {
          "store_path": "/nix/store/wzj6ljwz4z5vjw4pqd5zql47s5gdwbs0-ko-0.15.2"
        },
        "x86_64-linux": {
          "store_path": "/nix/store/s8vviasrwpgcl5qafy0s9l3y9rpkznv6-ko-0.15.2"
        }
      }
    },
    "kubebuilder@latest": {
      "last_modified": "2024-04-19T17:36:04-04:00",
      "resolved": "github:NixOS/nixpkgs/92d295f588631b0db2da509f381b4fb1e74173c5#kubebuilder",
      "source": "devbox-search",
      "version": "3.14.1",
      "systems": {
        "aarch64-darwin": {
          "store_path": "/nix/store/0amj5zw2rka2zjvq076ljfn80pch4dsa-kubebuilder-3.14.1"
        },
        "aarch64-linux": {
          "store_path": "/nix/store/ckx2xzgy6h4qq1pqr7z8k39yg6s0spin-kubebuilder-3.14.1"
        },
        "x86_64-darwin": {
          "store_path": "/nix/store/4zwb2jklg7wy2whkhp9wg5gnlqldms3a-kubebuilder-3.14.1"
        },
        "x86_64-linux": {
          "store_path": "/nix/store/fswxi79rrm0qdqsv6njwmygyc8mzz6sy-kubebuilder-3.14.1"
        }
      }
    },
    "kubectl@latest": {
      "last_modified": "2024-04-25T11:29:45-04:00",
      "resolved": "github:NixOS/nixpkgs/bf182c39d9439811484aad0d241ea89619b44bc7#kubectl",
      "source": "devbox-search",
      "version": "1.30.0",
      "systems": {
        "aarch64-darwin": {
          "store_path": "/nix/store/37l125fmsqjlgzg6nkv84kbq0bdfdn09-kubectl-1.30.0"
        },
        "aarch64-linux": {
          "store_path": "/nix/store/mw521nhjmm9zij283yrxdbh0fislpdy4-kubectl-1.30.0"
        },
        "x86_64-darwin": {
          "store_path": "/nix/store/kzi7bl9hpgn5c9i7pcq2cby92gwighaj-kubectl-1.30.0"
        },
        "x86_64-linux": {
          "store_path": "/nix/store/r5gah9impdhsi9f5hsbg32xqfqsajh90-kubectl-1.30.0"
        }
      }
    },
    "kubernetes-helm@latest": {
      "last_modified": "2024-04-19T17:36:04-04:00",
      "resolved": "github:NixOS/nixpkgs/92d295f588631b0db2da509f381b4fb1e74173c5#kubernetes-helm",
      "source": "devbox-search",
      "version": "3.14.4",
      "systems": {
        "aarch64-darwin": {
          "store_path": "/nix/store/1rlaqgp0b551xzi4mi31wy2zwk3qbs4j-kubernetes-helm-3.14.4"
        },
        "aarch64-linux": {
          "store_path": "/nix/store/jl1h7r1m77qi845ji1grrchgvcsjb7w6-kubernetes-helm-3.14.4"
        },
        "x86_64-darwin": {
          "store_path": "/nix/store/hl7n59kix0bv78vgiq4irkscgyndm81h-kubernetes-helm-3.14.4"
        },
        "x86_64-linux": {
          "store_path": "/nix/store/mg1wazgldz91y0k2nfks8w3imlpmf4k7-kubernetes-helm-3.14.4"
        }
      }
    },
    "kustomize@latest": {
      "last_modified": "2024-04-19T17:36:04-04:00",
      "resolved": "github:NixOS/nixpkgs/92d295f588631b0db2da509f381b4fb1e74173c5#kustomize",
      "source": "devbox-search",
      "version": "5.3.0",
      "systems": {
        "aarch64-darwin": {
          "store_path": "/nix/store/wv3jslzlcnycaxp6h6ni5b6yl72is4yk-kustomize-5.3.0"
        },
        "aarch64-linux": {
          "store_path": "/nix/store/n8ygx4ql0xsxyhmvdfx5l00nr2zy7dgy-kustomize-5.3.0"
        },
        "x86_64-darwin": {
          "store_path": "/nix/store/9ywmswh6f6y3fwbmdibj9pgj86fd1vjj-kustomize-5.3.0"
        },
        "x86_64-linux": {
          "store_path": "/nix/store/i4bhj98f4qzn9kyl9k7kcq2r5y3qqm98-kustomize-5.3.0"
        }
      }
    },
    "pre-commit@latest": {
      "last_modified": "2024-04-27T15:12:38-04:00",
      "resolved": "github:NixOS/nixpkgs/2b1f64b358f2cab62617f26b3870fd0ee375d848#pre-commit",
      "source": "devbox-search",
      "version": "3.7.0",
      "systems": {
        "aarch64-darwin": {
          "store_path": "/nix/store/17qf8srf152m3pqg544bs6vs3mq6p2jg-pre-commit-3.7.0"
        },
        "aarch64-linux": {
          "store_path": "/nix/store/g0jl2wzkr8qlqwv9xnjdyv8makl96hjz-pre-commit-3.7.0"
        },
        "x86_64-darwin": {
          "store_path": "/nix/store/kg1208c3dkkicj7ds3j46xjqisd8piyq-pre-commit-3.7.0"
        },
        "x86_64-linux": {
          "store_path": "/nix/store/86xlgibvlyfag4hmdclkvgk0qkmcpp25-pre-commit-3.7.0"
        }
      }
    },
    "rsync@latest": {
      "last_modified": "2024-04-19T17:36:04-04:00",
      "resolved": "github:NixOS/nixpkgs/92d295f588631b0db2da509f381b4fb1e74173c5#rsync",
      "source": "devbox-search",
      "version": "3.2.7",
      "systems": {
        "aarch64-darwin": {
          "store_path": "/nix/store/lmn0856fjg2h00dbkgd0yi7dg2i1czrq-rsync-3.2.7"
        },
        "aarch64-linux": {
          "store_path": "/nix/store/plqiay0igxv3q4nf862libyma5sjzwfi-rsync-3.2.7"
        },
        "x86_64-darwin": {
          "store_path": "/nix/store/3ikzv9bs3hm26s4kahyvlc4l3frydc52-rsync-3.2.7"
        },
        "x86_64-linux": {
          "store_path": "/nix/store/azidifgdi990qzks68gcg0xj0cpffpbz-rsync-3.2.7"
        }
      }
    },
    "shfmt@latest": {
      "last_modified": "2024-04-19T17:36:04-04:00",
      "resolved": "github:NixOS/nixpkgs/92d295f588631b0db2da509f381b4fb1e74173c5#shfmt",
      "source": "devbox-search",
      "version": "3.8.0",
      "systems": {
        "aarch64-darwin": {
          "store_path": "/nix/store/l8sm1992vmnmr8j99jh7q8byaclf1jv1-shfmt-3.8.0"
        },
        "aarch64-linux": {
          "store_path": "/nix/store/4g57adzvp11gwiv16n4bkc5ikzir4lml-shfmt-3.8.0"
        },
        "x86_64-darwin": {
          "store_path": "/nix/store/9ng247brll7wshkzjg63rip0qsa369h8-shfmt-3.8.0"
        },
        "x86_64-linux": {
          "store_path": "/nix/store/w8rmc8xx4cs1kfjfy8cnsdcdipjipylf-shfmt-3.8.0"
        }
      }
    },
    "yamale@latest": {
      "last_modified": "2024-04-27T15:12:38-04:00",
      "resolved": "github:NixOS/nixpkgs/2b1f64b358f2cab62617f26b3870fd0ee375d848#yamale",
      "source": "devbox-search",
      "version": "5.2.0",
      "systems": {
        "aarch64-darwin": {
          "store_path": "/nix/store/v2h1an586fx1zpc75l61wj8zbzy5dv3h-python3.11-yamale-5.2.0"
        },
        "aarch64-linux": {
          "store_path": "/nix/store/ph8a2s0694jq9xs6a0jkl6iafb2jc2q5-python3.11-yamale-5.2.0"
        },
        "x86_64-darwin": {
          "store_path": "/nix/store/6pp1smzrgr8wwm3vnxzglf739vcclrvz-python3.11-yamale-5.2.0"
        },
        "x86_64-linux": {
          "store_path": "/nix/store/65s07kw177vfbf26v49rpbqrr7kz0mg7-python3.11-yamale-5.2.0"
        }
      }
    },
    "yamllint@latest": {
      "last_modified": "2024-04-19T17:36:04-04:00",
      "resolved": "github:NixOS/nixpkgs/92d295f588631b0db2da509f381b4fb1e74173c5#yamllint",
      "source": "devbox-search",
      "version": "1.35.1",
      "systems": {
        "aarch64-darwin": {
          "store_path": "/nix/store/vd7zfjfphrbp62z5a355km2k1b5pcna2-python3.11-yamllint-1.35.1"
        },
        "aarch64-linux": {
          "store_path": "/nix/store/alway1qh97cggix9vmfpscs22hzflc77-python3.11-yamllint-1.35.1"
        },
        "x86_64-darwin": {
          "store_path": "/nix/store/i67vc49gcvlvx1z8is15nb3k5yqvnqjr-python3.11-yamllint-1.35.1"
        },
        "x86_64-linux": {
          "store_path": "/nix/store/6bak83f1ib271wfl5ybw4m7vw5qr34kk-python3.11-yamllint-1.35.1"
        }
      }
    },
    "yq@latest": {
      "last_modified": "2024-05-03T15:42:32Z",
      "resolved": "github:NixOS/nixpkgs/5fd8536a9a5932d4ae8de52b7dc08d92041237fc#yq",
      "source": "devbox-search",
      "version": "3.4.3",
      "systems": {
        "aarch64-darwin": {
          "store_path": "/nix/store/a2fl3r5yz6sn3y76hp297v9vxg6rsxvm-python3.11-yq-3.4.3"
        },
        "aarch64-linux": {
          "store_path": "/nix/store/fjq379l09b2mpjfd6nfq2m061fvipasw-python3.11-yq-3.4.3"
        },
        "x86_64-darwin": {
          "store_path": "/nix/store/w84j63jqij1adzwd7667nr9rakb27364-python3.11-yq-3.4.3"
        },
        "x86_64-linux": {
          "store_path": "/nix/store/k58r09rfyaspq2ba32ng0irw09cpf8nh-python3.11-yq-3.4.3"
        }
      }
    }
  }
}
