{
  "lockfile_version": "1",
  "packages": {
    "actionlint@latest": {
      "last_modified": "2023-06-30T04:44:22Z",
      "resolved": "github:NixOS/nixpkgs/3c614fbc76fc152f3e1bc4b2263da6d90adf80fb#actionlint",
      "source": "devbox-search",
      "version": "1.6.25"
    },
    "chart-testing@3.8.0": {
      "last_modified": "2023-06-30T04:44:22Z",
      "resolved": "github:NixOS/nixpkgs/3c614fbc76fc152f3e1bc4b2263da6d90adf80fb#chart-testing",
      "source": "devbox-search",
      "version": "3.8.0"
    },
    "clusterctl@latest": {
      "last_modified": "2023-08-08T03:07:33Z",
      "resolved": "github:NixOS/nixpkgs/844ffa82bbe2a2779c86ab3a72ff1b4176cec467#clusterctl",
      "source": "devbox-search",
      "version": "1.5.0"
    },
    "crane@latest": {
      "last_modified": "2023-08-08T03:07:33Z",
      "resolved": "github:NixOS/nixpkgs/844ffa82bbe2a2779c86ab3a72ff1b4176cec467#crane",
      "source": "devbox-search",
      "version": "0.16.1"
    },
    "envsubst@latest": {
      "last_modified": "2023-06-30T04:44:22Z",
      "resolved": "github:NixOS/nixpkgs/3c614fbc76fc152f3e1bc4b2263da6d90adf80fb#envsubst",
      "source": "devbox-search",
      "version": "1.4.2"
    },
    "findutils@latest": {
      "last_modified": "2023-07-23T03:35:12Z",
      "resolved": "github:NixOS/nixpkgs/af8cd5ded7735ca1df1a1174864daab75feeb64a#findutils",
      "source": "devbox-search",
      "version": "4.9.0"
    },
    "fluxcd@latest": {
      "last_modified": "2023-08-25T03:28:31Z",
      "resolved": "github:NixOS/nixpkgs/1e44a037bbf4fcaba041436e65e87be88f3f495b#fluxcd",
      "source": "devbox-search",
      "version": "2.1.0"
    },
    "ginkgo@latest": {
      "last_modified": "2023-06-30T04:44:22Z",
      "resolved": "github:NixOS/nixpkgs/3c614fbc76fc152f3e1bc4b2263da6d90adf80fb#ginkgo",
      "source": "devbox-search",
      "version": "2.11.0"
    },
    "git@latest": {
      "last_modified": "2023-07-23T03:35:12Z",
      "resolved": "github:NixOS/nixpkgs/af8cd5ded7735ca1df1a1174864daab75feeb64a#git",
      "source": "devbox-search",
      "version": "2.41.0"
    },
    "github-cli@latest": {
      "last_modified": "2023-02-24T09:01:09Z",
      "resolved": "github:NixOS/nixpkgs/7d0ed7f2e5aea07ab22ccb338d27fbe347ed2f11#github-cli",
      "source": "devbox-search",
      "version": "2.23.0"
    },
    "gnumake@latest": {
      "last_modified": "2023-07-23T03:35:12Z",
      "resolved": "github:NixOS/nixpkgs/af8cd5ded7735ca1df1a1174864daab75feeb64a#gnumake",
      "source": "devbox-search",
      "version": "4.4.1"
    },
    "gnused@latest": {
      "last_modified": "2023-06-30T04:44:22Z",
      "resolved": "github:NixOS/nixpkgs/3c614fbc76fc152f3e1bc4b2263da6d90adf80fb#gnused",
      "source": "devbox-search",
      "version": "4.9"
    },
    "go@latest": {
      "last_modified": "2023-08-22T06:04:29Z",
      "resolved": "github:NixOS/nixpkgs/9d757ec498666cc1dcc6f2be26db4fd3e1e9ab37#go_1_21",
      "source": "devbox-search",
      "version": "1.21.0"
    },
    "gojq@latest": {
      "last_modified": "2023-06-30T04:44:22Z",
      "resolved": "github:NixOS/nixpkgs/3c614fbc76fc152f3e1bc4b2263da6d90adf80fb#gojq",
      "source": "devbox-search",
      "version": "0.12.13"
    },
    "golines@latest": {
      "last_modified": "2023-06-30T04:44:22Z",
      "resolved": "github:NixOS/nixpkgs/3c614fbc76fc152f3e1bc4b2263da6d90adf80fb#golines",
      "source": "devbox-search",
      "version": "0.11.0"
    },
    "google-cloud-sdk@latest": {
      "last_modified": "2023-06-30T04:44:22Z",
      "resolved": "github:NixOS/nixpkgs/3c614fbc76fc152f3e1bc4b2263da6d90adf80fb#google-cloud-sdk",
      "source": "devbox-search",
      "version": "433.0.1"
    },
    "goreleaser@latest": {
      "last_modified": "2023-07-23T03:35:12Z",
      "resolved": "github:NixOS/nixpkgs/af8cd5ded7735ca1df1a1174864daab75feeb64a#goreleaser",
      "source": "devbox-search",
      "version": "1.19.2"
    },
    "gotestsum@latest": {
      "last_modified": "2023-07-23T03:35:12Z",
      "resolved": "github:NixOS/nixpkgs/af8cd5ded7735ca1df1a1174864daab75feeb64a#gotestsum",
      "source": "devbox-search",
      "version": "1.10.1"
    },
    "hadolint@latest": {
      "last_modified": "2023-07-23T03:35:12Z",
      "resolved": "github:NixOS/nixpkgs/af8cd5ded7735ca1df1a1174864daab75feeb64a#hadolint",
      "source": "devbox-search",
      "version": "2.12.0"
    },
    "helm-docs@latest": {
      "last_modified": "2023-06-30T04:44:22Z",
      "resolved": "github:NixOS/nixpkgs/3c614fbc76fc152f3e1bc4b2263da6d90adf80fb#helm-docs",
      "source": "devbox-search",
      "version": "1.11.0"
    },
    "hugo@0.117.0": {
      "last_modified": "2023-08-08T11:45:39Z",
      "resolved": "github:NixOS/nixpkgs/4e6868b1aa3766ab1de169922bb3826143941973#hugo",
      "source": "devbox-search",
      "version": "0.117.0"
    },
    "kind@latest": {
      "last_modified": "2023-06-18T15:53:58Z",
      "resolved": "github:NixOS/nixpkgs/91430887645a0953568da2f3e9a3a3bb0a0378ac#kind",
      "source": "devbox-search",
      "version": "0.20.0"
    },
    "kubebuilder@latest": {
      "last_modified": "2023-07-23T03:35:12Z",
      "resolved": "github:NixOS/nixpkgs/af8cd5ded7735ca1df1a1174864daab75feeb64a#kubebuilder",
      "source": "devbox-search",
      "version": "3.11.1"
    },
    "kubectl@latest": {
      "last_modified": "2023-08-08T03:07:33Z",
      "resolved": "github:NixOS/nixpkgs/844ffa82bbe2a2779c86ab3a72ff1b4176cec467#kubectl",
      "source": "devbox-search",
      "version": "1.27.4"
    },
    "kubernetes-controller-tools@latest": {
      "last_modified": "2023-07-23T03:35:12Z",
      "resolved": "github:NixOS/nixpkgs/af8cd5ded7735ca1df1a1174864daab75feeb64a#kubernetes-controller-tools",
      "source": "devbox-search",
      "version": "0.12.1"
    },
    "kubernetes-helm@latest": {
      "last_modified": "2023-07-23T03:35:12Z",
      "resolved": "github:NixOS/nixpkgs/af8cd5ded7735ca1df1a1174864daab75feeb64a#kubernetes-helm",
      "source": "devbox-search",
      "version": "3.12.2"
    },
    "kustomize@latest": {
      "last_modified": "2023-08-14T01:28:26Z",
      "resolved": "github:NixOS/nixpkgs/81b970640e56a5c07a336d2c05018b0c9bf57a51#kustomize",
      "source": "devbox-search",
      "version": "5.1.1"
    },
    "pre-commit@latest": {
      "last_modified": "2023-06-30T04:44:22Z",
      "resolved": "github:NixOS/nixpkgs/3c614fbc76fc152f3e1bc4b2263da6d90adf80fb#pre-commit",
      "source": "devbox-search",
      "version": "3.3.3"
    },
    "shfmt@latest": {
      "last_modified": "2023-08-08T03:07:33Z",
      "resolved": "github:NixOS/nixpkgs/844ffa82bbe2a2779c86ab3a72ff1b4176cec467#shfmt",
      "source": "devbox-search",
      "version": "3.7.0"
    },
    "upx@latest": {
      "last_modified": "2023-08-14T01:28:26Z",
      "resolved": "github:NixOS/nixpkgs/81b970640e56a5c07a336d2c05018b0c9bf57a51#upx",
      "source": "devbox-search",
      "version": "4.1.0"
    },
    "yamale@latest": {
      "last_modified": "2023-06-30T04:44:22Z",
      "resolved": "github:NixOS/nixpkgs/3c614fbc76fc152f3e1bc4b2263da6d90adf80fb#yamale",
      "source": "devbox-search",
      "version": "4.0.4"
    },
    "yamllint@latest": {
      "last_modified": "2023-06-30T04:44:22Z",
      "resolved": "github:NixOS/nixpkgs/3c614fbc76fc152f3e1bc4b2263da6d90adf80fb#yamllint",
      "source": "devbox-search",
      "version": "1.32.0"
    }
  }
}
