{
  "lockfile_version": "1",
  "packages": {
    "actionlint@latest": {
      "last_modified": "2024-01-14T14:26:55Z",
      "resolved": "github:NixOS/nixpkgs/ea780f3de2d169f982564128804841500e85e373#actionlint",
      "source": "devbox-search",
      "version": "1.6.26",
      "systems": {
        "aarch64-darwin": {
          "store_path": "/nix/store/rgbjrafj8sy1i9jjnrqxrqvhw40ik90a-actionlint-1.6.26"
        },
        "aarch64-linux": {
          "store_path": "/nix/store/33sww381l0hr2lpl5agfc5xki8bcz161-actionlint-1.6.26"
        },
        "x86_64-darwin": {
          "store_path": "/nix/store/kzldbhm7avzzqdw77bs5prciyvcvb93b-actionlint-1.6.26"
        },
        "x86_64-linux": {
          "store_path": "/nix/store/sqbimp4avvw2y0rpnigb7vprbpypfsf8-actionlint-1.6.26"
        }
      }
    },
    "chart-testing@latest": {
      "last_modified": "2024-01-22T00:24:37Z",
      "resolved": "github:NixOS/nixpkgs/5f5210aa20e343b7e35f40c033000db0ef80d7b9#chart-testing",
      "source": "devbox-search",
      "version": "3.10.1",
      "systems": {
        "aarch64-darwin": {
          "store_path": "/nix/store/bqd3ha8wv9kjsskqhw1xz0dii54gjk9m-chart-testing-3.10.1"
        },
        "aarch64-linux": {
          "store_path": "/nix/store/ph3r7sssmi3gbvd29j9sw1raqaxyrlsb-chart-testing-3.10.1"
        },
        "x86_64-darwin": {
          "store_path": "/nix/store/x1zd1jcn3dz8fyappkzda9qwdzysb6jk-chart-testing-3.10.1"
        },
        "x86_64-linux": {
          "store_path": "/nix/store/1dc0gf4fqqpc4xwhi9fvlnvg3jzbglla-chart-testing-3.10.1"
        }
      }
    },
    "clusterctl@latest": {
      "last_modified": "2024-01-18T00:05:01Z",
      "resolved": "github:NixOS/nixpkgs/921fb3319c2a296fc65048272d22f3db889d7292#clusterctl",
      "source": "devbox-search",
      "version": "1.6.1",
      "systems": {
        "aarch64-darwin": {
          "store_path": "/nix/store/fb0kbrvaip39h589kwjkj5sw742rxmz6-clusterctl-1.6.1"
        },
        "aarch64-linux": {
          "store_path": "/nix/store/6a1yn29mzsk7xd0yyzh4fms3x5walsdc-clusterctl-1.6.1"
        },
        "x86_64-darwin": {
          "store_path": "/nix/store/x7qv0417bd062sb2cx9892lgc058h0gi-clusterctl-1.6.1"
        },
        "x86_64-linux": {
          "store_path": "/nix/store/s32zh7lrbc0n2zcdgnqvrv27xzxs0sck-clusterctl-1.6.1"
        }
      }
    },
    "coreutils@latest": {
      "last_modified": "2024-01-22T00:24:37Z",
      "resolved": "github:NixOS/nixpkgs/5f5210aa20e343b7e35f40c033000db0ef80d7b9#coreutils",
      "source": "devbox-search",
      "version": "9.4",
      "systems": {
        "aarch64-darwin": {
          "store_path": "/nix/store/rnyx460h4nyc9gfh6w1ba0nijj17n1x8-coreutils-9.4"
        },
        "aarch64-linux": {
          "store_path": "/nix/store/wrs3s7s28gkp6q3mhyq0m0kp8ay9d9av-coreutils-9.4"
        },
        "x86_64-darwin": {
          "store_path": "/nix/store/m6p6r0361lz97bwpjbi3wcai2fjgprn5-coreutils-9.4"
        },
        "x86_64-linux": {
          "store_path": "/nix/store/khndnv11g1rmzhzymm1s5dw7l2ld45bc-coreutils-9.4"
        }
      }
    },
    "crane@latest": {
      "last_modified": "2024-01-14T03:55:27Z",
      "resolved": "github:NixOS/nixpkgs/dd5621df6dcb90122b50da5ec31c411a0de3e538#crane",
      "source": "devbox-search",
      "version": "0.17.0",
      "systems": {
        "aarch64-darwin": {
          "store_path": "/nix/store/b9sxl427r2km7jb0xz19dlnfp0f96s62-go-containerregistry-0.17.0-crane"
        },
        "aarch64-linux": {
          "store_path": "/nix/store/3pfq7ly32i422wzad4ia9l5k7s8gdblm-go-containerregistry-0.17.0-crane"
        },
        "x86_64-darwin": {
          "store_path": "/nix/store/hm95wvaab4yyip0rxic29pjs5d2lgfq2-go-containerregistry-0.17.0-crane"
        },
        "x86_64-linux": {
          "store_path": "/nix/store/izpxbxls0vfk3ql3jj1rd4865wslmxcp-go-containerregistry-0.17.0-crane"
        }
      }
    },
    "envsubst@latest": {
      "last_modified": "2024-01-14T03:55:27Z",
      "resolved": "github:NixOS/nixpkgs/dd5621df6dcb90122b50da5ec31c411a0de3e538#envsubst",
      "source": "devbox-search",
      "version": "1.4.2",
      "systems": {
        "aarch64-darwin": {
          "store_path": "/nix/store/b2v4xp7wnhbi1v03y64mmwvqb1vag67c-envsubst-1.4.2"
        },
        "aarch64-linux": {
          "store_path": "/nix/store/1411bjsghlzisj77hpg0962i0q8r4fjc-envsubst-1.4.2"
        },
        "x86_64-darwin": {
          "store_path": "/nix/store/aj6jhqxgn7riwmdzvl2qg548ji0ff1c7-envsubst-1.4.2"
        },
        "x86_64-linux": {
          "store_path": "/nix/store/cv08p60qriy59qpywgffbh70kvmzdm56-envsubst-1.4.2"
        }
      }
    },
    "findutils@latest": {
      "last_modified": "2024-01-18T08:35:41Z",
      "resolved": "github:NixOS/nixpkgs/b06ff4bf8f4ad900fe0c2a61fc2946edc3a84be7#findutils",
      "source": "devbox-search",
      "version": "4.9.0",
      "systems": {
        "aarch64-darwin": {
          "store_path": "/nix/store/2mh67mp0jikkib4dg8qhn9zifw7914m4-findutils-4.9.0"
        },
        "aarch64-linux": {
          "store_path": "/nix/store/gia7rqhn9inrmy4ph1qs3nf13lilfllp-findutils-4.9.0"
        },
        "x86_64-darwin": {
          "store_path": "/nix/store/m8bhfxygs5vxv8ryxhwpsiiwmd47kfwh-findutils-4.9.0"
        },
        "x86_64-linux": {
          "store_path": "/nix/store/7iyzsc224ax9dm71fv4grndixylcn7kh-findutils-4.9.0"
        }
      }
    },
    "ginkgo@latest": {
      "last_modified": "2024-01-14T03:55:27Z",
      "resolved": "github:NixOS/nixpkgs/dd5621df6dcb90122b50da5ec31c411a0de3e538#ginkgo",
      "source": "devbox-search",
      "version": "2.14.0",
      "systems": {
        "aarch64-darwin": {
          "store_path": "/nix/store/2v5l97vjcfszqfmqw8ncjjizxl4sbjvy-ginkgo-2.14.0"
        },
        "aarch64-linux": {
          "store_path": "/nix/store/xzhvkd0mry7dxi4cqfr9gi75n99il4mb-ginkgo-2.14.0"
        },
        "x86_64-darwin": {
          "store_path": "/nix/store/4yjgaqkx300mhn9vkc75ql1a5gqw9yps-ginkgo-2.14.0"
        },
        "x86_64-linux": {
          "store_path": "/nix/store/x0makxmh9rg108ajmlprbhdw7d581pzg-ginkgo-2.14.0"
        }
      }
    },
    "git@latest": {
      "last_modified": "2024-01-14T23:11:22Z",
      "resolved": "github:NixOS/nixpkgs/5614bd58587f1337aca11d7b2bdfcca4ca44fccc#git",
      "source": "devbox-search",
      "version": "2.43.0",
      "systems": {
        "aarch64-darwin": {
          "store_path": "/nix/store/kf597rw8mjdzvzjpzjvflp88dxj19qhm-git-2.43.0"
        },
        "aarch64-linux": {
          "store_path": "/nix/store/dh45pp85n0mpsr8sh277yp2a1sd3dvzk-git-2.43.0"
        },
        "x86_64-darwin": {
          "store_path": "/nix/store/3gkm7jyy92a7yr87nhfqh45sy2syrb46-git-2.43.0"
        },
        "x86_64-linux": {
          "store_path": "/nix/store/xw3hyxc3i4zg195yk8l6zxjvhq6vx44d-git-2.43.0"
        }
      }
    },
    "github-cli@latest": {
      "last_modified": "2023-02-24T09:01:09Z",
      "resolved": "github:NixOS/nixpkgs/7d0ed7f2e5aea07ab22ccb338d27fbe347ed2f11#github-cli",
      "source": "devbox-search",
      "version": "2.23.0",
      "systems": {
        "aarch64-darwin": {
          "store_path": "/nix/store/i3pg3w9482dqw6wl7f2z5vn1c5bspk4b-gh-2.23.0"
        },
        "x86_64-darwin": {
          "store_path": "/nix/store/89m1dqjbicqhvqyxf58x1944h193x05n-gh-2.23.0"
        },
        "x86_64-linux": {
          "store_path": "/nix/store/asx7ishza3n6lffbzs4m7101ggsmd205-gh-2.23.0"
        }
      }
    },
    "gnumake@latest": {
      "last_modified": "2024-01-18T00:05:01Z",
      "resolved": "github:NixOS/nixpkgs/921fb3319c2a296fc65048272d22f3db889d7292#gnumake",
      "source": "devbox-search",
      "version": "4.4.1",
      "systems": {
        "aarch64-darwin": {
          "store_path": "/nix/store/842p7sln6lmwixwqaacdikczlshisqrw-gnumake-4.4.1"
        },
        "aarch64-linux": {
          "store_path": "/nix/store/hwvb3cf5jxpqz1bsk5hlmzf046i4lrii-gnumake-4.4.1"
        },
        "x86_64-darwin": {
          "store_path": "/nix/store/3h1gyaznjhgahx5igk6g21b3ljsg71bn-gnumake-4.4.1"
        },
        "x86_64-linux": {
          "store_path": "/nix/store/cnxla8md1vc7ip0rqkaiz6airb7v4ny1-gnumake-4.4.1"
        }
      }
    },
    "gnused@latest": {
      "last_modified": "2024-01-14T03:55:27Z",
      "resolved": "github:NixOS/nixpkgs/dd5621df6dcb90122b50da5ec31c411a0de3e538#gnused",
      "source": "devbox-search",
      "version": "4.9",
      "systems": {
        "aarch64-darwin": {
          "store_path": "/nix/store/0mrvajsp8mbcn1rfg5p9idmnmqycn8sj-gnused-4.9"
        },
        "aarch64-linux": {
          "store_path": "/nix/store/kz9p0ic9mjdiywlk6y9qbav11cax65gd-gnused-4.9"
        },
        "x86_64-darwin": {
          "store_path": "/nix/store/y0payanb6f99zcv3k7hrqwi77zff9vmn-gnused-4.9"
        },
        "x86_64-linux": {
          "store_path": "/nix/store/nbsz4b0kdh5a2b9h2cr9ngxskfqx575k-gnused-4.9"
        }
      }
    },
    "go@latest": {
      "last_modified": "2024-01-14T03:55:27Z",
      "resolved": "github:NixOS/nixpkgs/dd5621df6dcb90122b50da5ec31c411a0de3e538#go",
      "source": "devbox-search",
      "version": "1.21.5",
      "systems": {
        "aarch64-darwin": {
          "store_path": "/nix/store/z6p2j8shdwi74kbm86jwdh03vxq91l0q-go-1.21.5"
        },
        "aarch64-linux": {
          "store_path": "/nix/store/1p00q366rk2j7w9lnflrl7xaks7wfq5d-go-1.21.5"
        },
        "x86_64-darwin": {
          "store_path": "/nix/store/brv7d6mlrclkzywf1vaf35wqhq4c0c82-go-1.21.5"
        },
        "x86_64-linux": {
          "store_path": "/nix/store/rccpgf2bnh58hhh4908p78i1rln9gzvp-go-1.21.5"
        }
      }
    },
    "gojq@latest": {
      "last_modified": "2024-01-14T03:55:27Z",
      "resolved": "github:NixOS/nixpkgs/dd5621df6dcb90122b50da5ec31c411a0de3e538#gojq",
      "source": "devbox-search",
      "version": "0.12.14",
      "systems": {
        "aarch64-darwin": {
          "store_path": "/nix/store/52d6lq483637588yckprk13k5ddfpi4d-gojq-0.12.14"
        },
        "aarch64-linux": {
          "store_path": "/nix/store/dm9zh7i4fhrrk5f7jbzzlqkyrnddnbf1-gojq-0.12.14"
        },
        "x86_64-darwin": {
          "store_path": "/nix/store/ps2qbkhskxjn4vi1rlivb3jvdsfv2y7s-gojq-0.12.14"
        },
        "x86_64-linux": {
          "store_path": "/nix/store/32pfcsl5pzrh3ddhswz974h8ipby5x1d-gojq-0.12.14"
        }
      }
    },
    "golines@latest": {
      "last_modified": "2024-01-14T03:55:27Z",
      "resolved": "github:NixOS/nixpkgs/dd5621df6dcb90122b50da5ec31c411a0de3e538#golines",
      "source": "devbox-search",
      "version": "0.11.0",
      "systems": {
        "aarch64-darwin": {
          "store_path": "/nix/store/yxaqc4p01hvnd13vs5qgyrnrfll4cw04-golines-0.11.0"
        },
        "aarch64-linux": {
          "store_path": "/nix/store/fi27vi2x07gxba6qhcm3jmls5wakimzg-golines-0.11.0"
        },
        "x86_64-darwin": {
          "store_path": "/nix/store/vin9nwsdblna2kgkjp103mgx40hsqid1-golines-0.11.0"
        },
        "x86_64-linux": {
          "store_path": "/nix/store/kkhhc0jic6j9lykdqf1qzchz3lyrcw4k-golines-0.11.0"
        }
      }
    },
    "goreleaser@latest": {
      "last_modified": "2024-01-14T03:55:27Z",
      "resolved": "github:NixOS/nixpkgs/dd5621df6dcb90122b50da5ec31c411a0de3e538#goreleaser",
      "source": "devbox-search",
      "version": "1.23.0",
      "systems": {
        "aarch64-darwin": {
          "store_path": "/nix/store/fza9lw9ld7qw4k80al4saam3gldc9izz-goreleaser-1.23.0"
        },
        "aarch64-linux": {
          "store_path": "/nix/store/bnmsfyfbh435jgps2vqi4cxgfb51fz8b-goreleaser-1.23.0"
        },
        "x86_64-darwin": {
          "store_path": "/nix/store/kl9kd32c6kd7y4bwi7m2wpwy8xjl4z3v-goreleaser-1.23.0"
        },
        "x86_64-linux": {
          "store_path": "/nix/store/acdq08cx9sv82585s98y763iq1ki4rgd-goreleaser-1.23.0"
        }
      }
    },
    "gotestsum@latest": {
      "last_modified": "2024-01-14T03:55:27Z",
      "resolved": "github:NixOS/nixpkgs/dd5621df6dcb90122b50da5ec31c411a0de3e538#gotestsum",
      "source": "devbox-search",
      "version": "1.10.1",
      "systems": {
        "aarch64-darwin": {
          "store_path": "/nix/store/rhvzl8jhy7hihc2lc8lb75bs5pxhz3ja-gotestsum-1.10.1"
        },
        "aarch64-linux": {
          "store_path": "/nix/store/smfna3vw3knp6gkcrbhd8sya0qsw8cyy-gotestsum-1.10.1"
        },
        "x86_64-darwin": {
          "store_path": "/nix/store/z6j2ndbkdiznnxpxb2h89ack6q7ml7d9-gotestsum-1.10.1"
        },
        "x86_64-linux": {
          "store_path": "/nix/store/hxqhwmi4gx2zdvgshi8sb1rg7a0k9xqi-gotestsum-1.10.1"
        }
      }
    },
    "helm-docs@latest": {
      "last_modified": "2024-01-14T03:55:27Z",
      "resolved": "github:NixOS/nixpkgs/dd5621df6dcb90122b50da5ec31c411a0de3e538#helm-docs",
      "source": "devbox-search",
      "version": "1.11.2",
      "systems": {
        "aarch64-darwin": {
          "store_path": "/nix/store/sa0d27v5sfrfym4hjppdcmazhl87jvax-helm-docs-1.11.2"
        },
        "aarch64-linux": {
          "store_path": "/nix/store/36d8l6c8810j7dgxnk6ps4f0aglca4y8-helm-docs-1.11.2"
        },
        "x86_64-darwin": {
          "store_path": "/nix/store/zw2np9n3b1rjf0f1s5j2l873vbhmp11n-helm-docs-1.11.2"
        },
        "x86_64-linux": {
          "store_path": "/nix/store/8afcwj1zg9iwxwr94lmic9c9m74c6r19-helm-docs-1.11.2"
        }
      }
    },
    "hugo@latest": {
      "last_modified": "2024-01-14T03:55:27Z",
      "resolved": "github:NixOS/nixpkgs/dd5621df6dcb90122b50da5ec31c411a0de3e538#hugo",
      "source": "devbox-search",
      "version": "0.121.2",
      "systems": {
        "aarch64-darwin": {
          "store_path": "/nix/store/8r9b77sblgv1zjgda72m526f8mf7nvi4-hugo-0.121.2"
        },
        "aarch64-linux": {
          "store_path": "/nix/store/8xkyldx77b1lwzkm1qwv6vyxmvz38hlz-hugo-0.121.2"
        },
        "x86_64-darwin": {
          "store_path": "/nix/store/s5x00zysb96ns1vihhkhqpfcvjkgcsk8-hugo-0.121.2"
        },
        "x86_64-linux": {
          "store_path": "/nix/store/jv66qziwq1x8bfsqpvrqxwin199w9bgg-hugo-0.121.2"
        }
      }
    },
    "kind@latest": {
      "last_modified": "2024-01-14T03:55:27Z",
      "resolved": "github:NixOS/nixpkgs/dd5621df6dcb90122b50da5ec31c411a0de3e538#kind",
      "source": "devbox-search",
      "version": "0.20.0",
      "systems": {
        "aarch64-darwin": {
          "store_path": "/nix/store/9j3w2jyp43q8iqywclvshh0biw4zfpgg-kind-0.20.0"
        },
        "aarch64-linux": {
          "store_path": "/nix/store/dj3rcbfcy2ydd9qn6mf0c62qbji36479-kind-0.20.0"
        },
        "x86_64-darwin": {
          "store_path": "/nix/store/hgb814j66wfw2wwiv8d7n1xbyykxkd1s-kind-0.20.0"
        },
        "x86_64-linux": {
          "store_path": "/nix/store/l2714wfcba5fykdk97jggcgk7j12ci8g-kind-0.20.0"
        }
      }
    },
    "ko@latest": {
      "last_modified": "2024-01-14T03:55:27Z",
      "resolved": "github:NixOS/nixpkgs/dd5621df6dcb90122b50da5ec31c411a0de3e538#ko",
      "source": "devbox-search",
      "version": "0.15.1",
      "systems": {
        "aarch64-darwin": {
          "store_path": "/nix/store/qa3xd9zmlp6nsmi8cvhyvzhdd5p48jv5-ko-0.15.1"
        },
        "aarch64-linux": {
          "store_path": "/nix/store/nizx2hhaj5r9zylljkgclbq49xwf8r38-ko-0.15.1"
        },
        "x86_64-darwin": {
          "store_path": "/nix/store/iayzk9qwzhr0hk4p93m50dqzdhvnvs7a-ko-0.15.1"
        },
        "x86_64-linux": {
          "store_path": "/nix/store/zb7dwm56gqalqa5aih2xaiv85bahymsg-ko-0.15.1"
        }
      }
    },
    "kubebuilder@latest": {
      "last_modified": "2024-01-14T03:55:27Z",
      "resolved": "github:NixOS/nixpkgs/dd5621df6dcb90122b50da5ec31c411a0de3e538#kubebuilder",
      "source": "devbox-search",
      "version": "3.13.0",
      "systems": {
        "aarch64-darwin": {
          "store_path": "/nix/store/4fap8p9af0ksanc7g966zv0x4cgi3pjc-kubebuilder-3.13.0"
        },
        "aarch64-linux": {
          "store_path": "/nix/store/60ww3igaai7ckiq3aqzg73rz0igrmp6m-kubebuilder-3.13.0"
        },
        "x86_64-darwin": {
          "store_path": "/nix/store/c43j5rwwkl2y4w4pmd09x3jmr33rvj5s-kubebuilder-3.13.0"
        },
        "x86_64-linux": {
          "store_path": "/nix/store/nk2qca39y06zlfrq50l77qry6g909hls-kubebuilder-3.13.0"
        }
      }
    },
    "kubectl@latest": {
      "last_modified": "2024-01-14T03:55:27Z",
      "resolved": "github:NixOS/nixpkgs/dd5621df6dcb90122b50da5ec31c411a0de3e538#kubectl",
      "source": "devbox-search",
      "version": "1.28.4",
      "systems": {
        "aarch64-darwin": {
          "store_path": "/nix/store/hrnn94y7mlmlb5jwqbrarfk529ml09bx-kubectl-1.28.4"
        },
        "aarch64-linux": {
          "store_path": "/nix/store/4gc3mgbd1d11xfzm8mglhv2mcww7qnw2-kubectl-1.28.4"
        },
        "x86_64-darwin": {
          "store_path": "/nix/store/chi7fs31vp6dam85m2z2i8zmr02akgnd-kubectl-1.28.4"
        },
        "x86_64-linux": {
          "store_path": "/nix/store/45s4wws5favhjq4hr26k8giyx59lskqb-kubectl-1.28.4"
        }
      }
    },
    "kubernetes-controller-tools@latest": {
      "last_modified": "2024-01-14T03:55:27Z",
      "resolved": "github:NixOS/nixpkgs/dd5621df6dcb90122b50da5ec31c411a0de3e538#kubernetes-controller-tools",
      "source": "devbox-search",
      "version": "0.13.0",
      "systems": {
        "aarch64-darwin": {
          "store_path": "/nix/store/hbz0drjik0m36rp1apxk9939fyxh8d5h-controller-tools-0.13.0"
        },
        "aarch64-linux": {
          "store_path": "/nix/store/x9bjgv574g1jra5vr7gg18rsimnnj8k8-controller-tools-0.13.0"
        },
        "x86_64-darwin": {
          "store_path": "/nix/store/sj97y5g0v66bh91xkdvrcg7gwzxnrwjz-controller-tools-0.13.0"
        },
        "x86_64-linux": {
          "store_path": "/nix/store/aw12bhi3qdx6mj088i5gzyr268v5di5w-controller-tools-0.13.0"
        }
      }
    },
    "kubernetes-helm@latest": {
      "last_modified": "2024-01-22T00:24:37Z",
      "resolved": "github:NixOS/nixpkgs/5f5210aa20e343b7e35f40c033000db0ef80d7b9#kubernetes-helm",
      "source": "devbox-search",
      "version": "3.13.3",
      "systems": {
        "aarch64-darwin": {
          "store_path": "/nix/store/kiyyw0azlpw0rc42kwdpxyj92v7ay1xd-kubernetes-helm-3.13.3"
        },
        "aarch64-linux": {
          "store_path": "/nix/store/pva3146mxf46q9j122vdid2w7j7pkfrh-kubernetes-helm-3.13.3"
        },
        "x86_64-darwin": {
          "store_path": "/nix/store/hdgxqjp3f5vzyysv0dgi5qikk1ss0dqi-kubernetes-helm-3.13.3"
        },
        "x86_64-linux": {
          "store_path": "/nix/store/54qcqn230czbxqr2j8dqilfl8sxzscf2-kubernetes-helm-3.13.3"
        }
      }
    },
    "kustomize@latest": {
      "last_modified": "2024-01-14T03:55:27Z",
      "resolved": "github:NixOS/nixpkgs/dd5621df6dcb90122b50da5ec31c411a0de3e538#kustomize",
      "source": "devbox-search",
      "version": "5.3.0",
      "systems": {
        "aarch64-darwin": {
          "store_path": "/nix/store/vlfk6x1pzj87mmj785dk5mfybm8wzq2w-kustomize-5.3.0"
        },
        "aarch64-linux": {
          "store_path": "/nix/store/5lr548gl80yig96f05mw9qm6803hligg-kustomize-5.3.0"
        },
        "x86_64-darwin": {
          "store_path": "/nix/store/m56z92xjaxxxzz31ncgrzi91yl7hh8kf-kustomize-5.3.0"
        },
        "x86_64-linux": {
          "store_path": "/nix/store/ci180n2s37ldipx4ci7i4cbjv5mc2lpr-kustomize-5.3.0"
        }
      }
    },
    "pre-commit@latest": {
      "last_modified": "2024-01-18T00:05:01Z",
      "resolved": "github:NixOS/nixpkgs/921fb3319c2a296fc65048272d22f3db889d7292#pre-commit",
      "source": "devbox-search",
      "version": "3.6.0",
      "systems": {
        "aarch64-darwin": {
          "store_path": "/nix/store/i49v43p1a33gmdib1hg0fp9chn1bzakb-pre-commit-3.6.0"
        },
        "aarch64-linux": {
          "store_path": "/nix/store/pfhx6ckglrj4j0wv17nzms2qc3wrbszi-pre-commit-3.6.0"
        },
        "x86_64-darwin": {
          "store_path": "/nix/store/l0nf5ivi8vbc35r5ppm7ak5hx6c7nf50-pre-commit-3.6.0"
        },
        "x86_64-linux": {
          "store_path": "/nix/store/1j57wynzsd9a0fihjj21rj42m870a7sx-pre-commit-3.6.0"
        }
      }
    },
    "rsync@latest": {
      "last_modified": "2024-01-14T03:55:27Z",
      "resolved": "github:NixOS/nixpkgs/dd5621df6dcb90122b50da5ec31c411a0de3e538#rsync",
      "source": "devbox-search",
      "version": "3.2.7",
      "systems": {
        "aarch64-darwin": {
          "store_path": "/nix/store/d9lfdrj818najnzqyfd6b2nbg5fxs5jp-rsync-3.2.7"
        },
        "aarch64-linux": {
          "store_path": "/nix/store/82pjdjvjcc8jqn7nc291risa478p2zc2-rsync-3.2.7"
        },
        "x86_64-darwin": {
          "store_path": "/nix/store/yyn5r892ldykwa1iydqigmf40lvlg8y6-rsync-3.2.7"
        },
        "x86_64-linux": {
          "store_path": "/nix/store/xzl3lwn15bz1j1spg2vnibdmsjj0s170-rsync-3.2.7"
        }
      }
    },
    "shfmt@latest": {
      "last_modified": "2024-01-14T03:55:27Z",
      "resolved": "github:NixOS/nixpkgs/dd5621df6dcb90122b50da5ec31c411a0de3e538#shfmt",
      "source": "devbox-search",
      "version": "3.7.0",
      "systems": {
        "aarch64-darwin": {
          "store_path": "/nix/store/yn5kwh8s0jxw3aghfiq9cafalpyhvmfb-shfmt-3.7.0"
        },
        "aarch64-linux": {
          "store_path": "/nix/store/f3l7wbpsqy1h157wdvyyr46xn1m923bw-shfmt-3.7.0"
        },
        "x86_64-darwin": {
          "store_path": "/nix/store/mpfjl18a046wjyp111an4z80h4r5v8c4-shfmt-3.7.0"
        },
        "x86_64-linux": {
          "store_path": "/nix/store/1fyckggva6301j90a109fxb55va11icx-shfmt-3.7.0"
        }
      }
    },
    "yamale@latest": {
      "last_modified": "2024-01-14T03:55:27Z",
      "resolved": "github:NixOS/nixpkgs/dd5621df6dcb90122b50da5ec31c411a0de3e538#yamale",
      "source": "devbox-search",
      "version": "4.0.4",
      "systems": {
        "aarch64-darwin": {
          "store_path": "/nix/store/vhdh15ac728s0az0yrgn90ba7cdyfi9k-python3.11-yamale-4.0.4"
        },
        "aarch64-linux": {
          "store_path": "/nix/store/lxalkikdacrgkmqmbdh0ixdfbcm704y2-python3.11-yamale-4.0.4"
        },
        "x86_64-darwin": {
          "store_path": "/nix/store/p3h5xdfa8yn6r1ki5d0ja9j3pyfwpjg4-python3.11-yamale-4.0.4"
        },
        "x86_64-linux": {
          "store_path": "/nix/store/nd3blyvjnrxzqxlrl14kpwkgxn3bz7ap-python3.11-yamale-4.0.4"
        }
      }
    },
    "yamllint@latest": {
      "last_modified": "2024-01-14T03:55:27Z",
      "resolved": "github:NixOS/nixpkgs/dd5621df6dcb90122b50da5ec31c411a0de3e538#yamllint",
      "source": "devbox-search",
      "version": "1.33.0",
      "systems": {
        "aarch64-darwin": {
          "store_path": "/nix/store/r6gg9y3pv1snnkbgzd6bnwrx6lvjmy5m-python3.11-yamllint-1.33.0"
        },
        "aarch64-linux": {
          "store_path": "/nix/store/cd0sy9qbmrvlgx5zjw1sn28zbhi6rf3h-python3.11-yamllint-1.33.0"
        },
        "x86_64-darwin": {
          "store_path": "/nix/store/94jj8a47d1h6jiak3wqrc2fxxgiabhwx-python3.11-yamllint-1.33.0"
        },
        "x86_64-linux": {
          "store_path": "/nix/store/qn52zxjvinig2gf6q5zp1xgw9plyjadp-python3.11-yamllint-1.33.0"
        }
      }
    }
  }
}
